
Microsoft Visual Studio Solution File, Format Version 12.00
# Visual Studio Version 16
VisualStudioVersion = 16.0.29306.81
MinimumVisualStudioVersion = 10.0.40219.1
Project("{FAE04EC0-301F-11D3-BF4B-00C04F79EFBC}") = "PostScriptValidator", "PostScriptValidator\PostScriptValidator.csproj", "{7CD8A738-B07B-4690-8215-1D38403EEBD8}"
EndProject
Project("{FAE04EC0-301F-11D3-BF4B-00C04F79EFBC}") = "PostScriptValidatorTest", "PostScriptValidatorTest\PostScriptValidatorTest.csproj", "{CAFDA21C-8F7B-4B96-95D2-34CCD9755FF4}"
EndProject
Global
	GlobalSection(SolutionConfigurationPlatforms) = preSolution
		Debug|Any CPU = Debug|Any CPU
		Release|Any CPU = Release|Any CPU
	EndGlobalSection
	GlobalSection(ProjectConfigurationPlatforms) = postSolution
		{7CD8A738-B07B-4690-8215-1D38403EEBD8}.Debug|Any CPU.ActiveCfg = Debug|Any CPU
		{7CD8A738-B07B-4690-8215-1D38403EEBD8}.Debug|Any CPU.Build.0 = Debug|Any CPU
		{7CD8A738-B07B-4690-8215-1D38403EEBD8}.Release|Any CPU.ActiveCfg = Release|Any CPU
		{7CD8A738-B07B-4690-8215-1D38403EEBD8}.Release|Any CPU.Build.0 = Release|Any CPU
		{CAFDA21C-8F7B-4B96-95D2-34CCD9755FF4}.Debug|Any CPU.ActiveCfg = Debug|Any CPU
		{CAFDA21C-8F7B-4B96-95D2-34CCD9755FF4}.Debug|Any CPU.Build.0 = Debug|Any CPU
		{CAFDA21C-8F7B-4B96-95D2-34CCD9755FF4}.Release|Any CPU.ActiveCfg = Release|Any CPU
		{CAFDA21C-8F7B-4B96-95D2-34CCD9755FF4}.Release|Any CPU.Build.0 = Release|Any CPU
	EndGlobalSection
	GlobalSection(SolutionProperties) = preSolution
		HideSolutionNode = FALSE
	EndGlobalSection
	GlobalSection(ExtensibilityGlobals) = postSolution
		SolutionGuid = {1429673E-A892-48FE-B74C-2A4D6B97B638}
	EndGlobalSection
EndGlobal
